// !$*UTF8*$!
{
	archiveVersion = 1;
	classes = {
	};
	objectVersion = 56;
	objects = {

/* Begin PBXBuildFile section */
		F108A1B2C3D4E5F6A7B8C9D0 /* StackRing.swift in Sources */ = {isa = PBXBuildFile; fileRef = F109A1B2C3D4E5F6A7B8C9D0 /* StackRing.swift */; };
		F106A1B2C3D4E5F6A7B8C9D0 /* DateTimeUtils.swift in Sources */ = {isa = PBXBuildFile; fileRef = F107A1B2C3D4E5F6A7B8C9D0 /* DateTimeUtils.swift */; };
		F102A1B2C3D4E5F6A7B8C9D0 /* DailyResetService.swift in Sources */ = {isa = PBXBuildFile; fileRef = F103A1B2C3D4E5F6A7B8C9D0 /* DailyResetService.swift */; };
		F104A1B2C3D4E5F6A7B8C9D0 /* NotificationService.swift in Sources */ = {isa = PBXBuildFile; fileRef = F105A1B2C3D4E5F6A7B8C9D0 /* NotificationService.swift */; };
		044BC98DEE4C4A42A545A9D8 /* SupplementRowView.swift in Sources */ = {isa = PBXBuildFile; fileRef = A45922A26F354A91BDFABC26 /* SupplementRowView.swift */; };
		0D03B0E09F4D487A9BF975F5 /* HealthViewModel.swift in Sources */ = {isa = PBXBuildFile; fileRef = B85CB9EDD9824077AAA39249 /* HealthViewModel.swift */; };
		1535904CC52D432584D15FC5 /* TasksView.swift in Sources */ = {isa = PBXBuildFile; fileRef = 965189A55CF94515A2200C54 /* TasksView.swift */; };
		2511361E72514BCA803AACCE /* DashboardView.swift in Sources */ = {isa = PBXBuildFile; fileRef = A0BBC2945E1942ADB7D7593B /* DashboardView.swift */; };
		2AB87AF1B67342A6993E31AE /* ExerciseRowView.swift in Sources */ = {isa = PBXBuildFile; fileRef = 447A5C41E36A4008BB2F8DE4 /* ExerciseRowView.swift */; };
		2E63B2C896FC4C3990428C90 /* StackApp.swift in Sources */ = {isa = PBXBuildFile; fileRef = 089706AF843E44188E597AFE /* StackApp.swift */; };
		3392455E8A044A6AAF4987E8 /* DashboardViewModel.swift in Sources */ = {isa = PBXBuildFile; fileRef = 2EA6AD1284C44AC798E9FC03 /* DashboardViewModel.swift */; };
		F100A1B2C3D4E5F6A7B8C9D0 /* EditScheduleSheet.swift in Sources */ = {isa = PBXBuildFile; fileRef = F101A1B2C3D4E5F6A7B8C9D0 /* EditScheduleSheet.swift */; };
		4B6CB20D58374DF39933BECD /* TaskItem.swift in Sources */ = {isa = PBXBuildFile; fileRef = CEE5EC0927C24A73BAFA802C /* TaskItem.swift */; };
		55EEA0D1CF9B4ABFB0BFF0EC /* EditWorkoutDaySheet.swift in Sources */ = {isa = PBXBuildFile; fileRef = 488C4FFCA71540A280535365 /* EditWorkoutDaySheet.swift */; };
		5B56129A830443BFB3DAE5D3 /* AdaptiveNavigationView.swift in Sources */ = {isa = PBXBuildFile; fileRef = 51DB427B917043DCB5DBE552 /* AdaptiveNavigationView.swift */; };
		5D63B3A15E6A4D29B777C7A5 /* ProtocolViewModel.swift in Sources */ = {isa = PBXBuildFile; fileRef = 3C94FBA05379441D8250EA81 /* ProtocolViewModel.swift */; };
		646D46D3897F4745AB491088 /* NotesView.swift in Sources */ = {isa = PBXBuildFile; fileRef = E85B418E43D744AABEA84A1E /* NotesView.swift */; };
		64E01EA405ED4435BF3F3C31 /* TasksViewModel.swift in Sources */ = {isa = PBXBuildFile; fileRef = 4F1AEE3AB36E4B92ACC800E3 /* TasksViewModel.swift */; };
		7380A88ECA3049448375EF17 /* FitnessViewModel.swift in Sources */ = {isa = PBXBuildFile; fileRef = 1CC0359880924AD7A1D79D60 /* FitnessViewModel.swift */; };
		7DDDB8709EB941DC8CA74D16 /* Assets.xcassets in Resources */ = {isa = PBXBuildFile; fileRef = 45DECB902E8A4D0D93372C10 /* Assets.xcassets */; };
		86E063AF8A8B4949864F269C /* ContentView.swift in Sources */ = {isa = PBXBuildFile; fileRef = 204A413C58D54B4A89B44FD9 /* ContentView.swift */; };
		88DD72D05E014C0193DBA29F /* OnboardingView.swift in Sources */ = {isa = PBXBuildFile; fileRef = AED81FD3678A4038A8DB7E24 /* OnboardingView.swift */; };
		8DF6185C96B449CABF479E36 /* Supplement.swift in Sources */ = {isa = PBXBuildFile; fileRef = 321B154A93884DD3A7BFA007 /* Supplement.swift */; };
		A0D078C7A1A547469D8CC40E /* FitnessView.swift in Sources */ = {isa = PBXBuildFile; fileRef = 63C7F09649D74F1FA52F86AD /* FitnessView.swift */; };
		B08C9A21B0D44B0A933B7377 /* HealthKitService.swift in Sources */ = {isa = PBXBuildFile; fileRef = 5FA754FCB60B47A5959F34B9 /* HealthKitService.swift */; };
		C1E1DAF42B364B0C91A1333C /* SettingsView.swift in Sources */ = {isa = PBXBuildFile; fileRef = 68B2380BFAC64E1780F3E4B8 /* SettingsView.swift */; };
		D1A2B3C4D5E601020304B001 /* WeightEntry.swift in Sources */ = {isa = PBXBuildFile; fileRef = C1A2B3C4D5E601020304A001 /* WeightEntry.swift */; };
		D1A2B3C4D5E601020304B002 /* SleepEntry.swift in Sources */ = {isa = PBXBuildFile; fileRef = C1A2B3C4D5E601020304A002 /* SleepEntry.swift */; };
		D1A2B3C4D5E601020304B003 /* CardioEntry.swift in Sources */ = {isa = PBXBuildFile; fileRef = C1A2B3C4D5E601020304A003 /* CardioEntry.swift */; };
		D1A2B3C4D5E601020304B004 /* BodyView.swift in Sources */ = {isa = PBXBuildFile; fileRef = C1A2B3C4D5E601020304A004 /* BodyView.swift */; };
		D1A2B3C4D5E601020304B005 /* SleepView.swift in Sources */ = {isa = PBXBuildFile; fileRef = C1A2B3C4D5E601020304A005 /* SleepView.swift */; };
		D1A2B3C4D5E601020304B006 /* CardioView.swift in Sources */ = {isa = PBXBuildFile; fileRef = C1A2B3C4D5E601020304A006 /* CardioView.swift */; };
		D1A2B3C4D5E601020304B007 /* LogWeightSheet.swift in Sources */ = {isa = PBXBuildFile; fileRef = C1A2B3C4D5E601020304A007 /* LogWeightSheet.swift */; };
		D1A2B3C4D5E601020304B008 /* LogSleepSheet.swift in Sources */ = {isa = PBXBuildFile; fileRef = C1A2B3C4D5E601020304A008 /* LogSleepSheet.swift */; };
		D1A2B3C4D5E601020304B009 /* LogCardioSheet.swift in Sources */ = {isa = PBXBuildFile; fileRef = C1A2B3C4D5E601020304A009 /* LogCardioSheet.swift */; };
		D200100100100100100100AB /* StackTheme.swift in Sources */ = {isa = PBXBuildFile; fileRef = D200100100100100100100AA /* StackTheme.swift */; };
		D200200200200200200200AB /* AppTab.swift in Sources */ = {isa = PBXBuildFile; fileRef = D200200200200200200200AA /* AppTab.swift */; };
		D200300300300300300300AB /* StackCard.swift in Sources */ = {isa = PBXBuildFile; fileRef = D200300300300300300300AA /* StackCard.swift */; };
		D200400400400400400400AB /* StackStatCard.swift in Sources */ = {isa = PBXBuildFile; fileRef = D200400400400400400400AA /* StackStatCard.swift */; };
		D200500500500500500500AB /* StackProgressBar.swift in Sources */ = {isa = PBXBuildFile; fileRef = D200500500500500500500AA /* StackProgressBar.swift */; };
		D200600600600600600600AB /* StackTabBar.swift in Sources */ = {isa = PBXBuildFile; fileRef = D200600600600600600600AA /* StackTabBar.swift */; };
		D200700700700700700700AB /* StackSectionHeader.swift in Sources */ = {isa = PBXBuildFile; fileRef = D200700700700700700700AA /* StackSectionHeader.swift */; };
		D200800800800800800800AB /* StackBadge.swift in Sources */ = {isa = PBXBuildFile; fileRef = D200800800800800800800AA /* StackBadge.swift */; };
		D57249B2F1904CAB94783128 /* RoutineView.swift in Sources */ = {isa = PBXBuildFile; fileRef = C0BEC4942EF846CBA58A95AA /* RoutineView.swift */; };
		DBFB218691C94255ACCA45A9 /* ProtocolView.swift in Sources */ = {isa = PBXBuildFile; fileRef = BF0E175B0B6F4256A326FE1D /* ProtocolView.swift */; };
		DCC0C1F9557B42B9B579AA42 /* StackIconView.swift in Sources */ = {isa = PBXBuildFile; fileRef = 543E8D0A500A48EDA6FBF4D5 /* StackIconView.swift */; };
		DE05173EE956455FB6B2B9D1 /* WorkoutDay.swift in Sources */ = {isa = PBXBuildFile; fileRef = AA1397A51BF944BB9081CEEA /* WorkoutDay.swift */; };
		E200A1B2C3D4E5F6A7B8C9D0 /* ScheduleSeedService.swift in Sources */ = {isa = PBXBuildFile; fileRef = E201A1B2C3D4E5F6A7B8C9D0 /* ScheduleSeedService.swift */; };
		W001A1B2C3D4E5F6A7B8C9D0 /* WorkoutSeedService.swift in Sources */ = {isa = PBXBuildFile; fileRef = W002A1B2C3D4E5F6A7B8C9D0 /* WorkoutSeedService.swift */; };
		E400A1B2C3D4E5F6A7B8C9D0 /* ScheduleBlock.swift in Sources */ = {isa = PBXBuildFile; fileRef = E401A1B2C3D4E5F6A7B8C9D0 /* ScheduleBlock.swift */; };
		B100A1B2C3D4E5F6A7B8C9D0 /* BlockItem.swift in Sources */ = {isa = PBXBuildFile; fileRef = B101A1B2C3D4E5F6A7B8C9D0 /* BlockItem.swift */; };
		E500A1B2C3D4E5F6A7B8C9D0 /* DayRecord.swift in Sources */ = {isa = PBXBuildFile; fileRef = E501A1B2C3D4E5F6A7B8C9D0 /* DayRecord.swift */; };
		E502A1B2C3D4E5F6A7B8C9D0 /* DayRecordService.swift in Sources */ = {isa = PBXBuildFile; fileRef = E503A1B2C3D4E5F6A7B8C9D0 /* DayRecordService.swift */; };
		E504A1B2C3D4E5F6A7B8C9D0 /* ProgressViewModel.swift in Sources */ = {isa = PBXBuildFile; fileRef = E505A1B2C3D4E5F6A7B8C9D0 /* ProgressViewModel.swift */; };
		E506A1B2C3D4E5F6A7B8C9D0 /* ProgressView.swift in Sources */ = {isa = PBXBuildFile; fileRef = E507A1B2C3D4E5F6A7B8C9D0 /* ProgressView.swift */; };
		E508A1B2C3D4E5F6A7B8C9D0 /* HeatmapCard.swift in Sources */ = {isa = PBXBuildFile; fileRef = E509A1B2C3D4E5F6A7B8C9D0 /* HeatmapCard.swift */; };
		ECA1B1361186458DBA6123C4 /* TodayWorkoutView.swift in Sources */ = {isa = PBXBuildFile; fileRef = 640FE62F832346BBB9CD3A9D /* TodayWorkoutView.swift */; };
		ED6093CBF6144E9195163EFE /* Color+Hex.swift in Sources */ = {isa = PBXBuildFile; fileRef = FCBDF8FC26A9459BB7F0D30A /* Color+Hex.swift */; };
		F04364F75DDC4D67BF477257 /* Exercise.swift in Sources */ = {isa = PBXBuildFile; fileRef = 321CC8218A4E4F9D851CD654 /* Exercise.swift */; };
/* End PBXBuildFile section */

/* Begin PBXFileReference section */
		F109A1B2C3D4E5F6A7B8C9D0 /* StackRing.swift */ = {isa = PBXFileReference; lastKnownFileType = sourcecode.swift; path = StackRing.swift; sourceTree = "<group>"; };
		F107A1B2C3D4E5F6A7B8C9D0 /* DateTimeUtils.swift */ = {isa = PBXFileReference; lastKnownFileType = sourcecode.swift; path = DateTimeUtils.swift; sourceTree = "<group>"; };
		F103A1B2C3D4E5F6A7B8C9D0 /* DailyResetService.swift */ = {isa = PBXFileReference; lastKnownFileType = sourcecode.swift; path = DailyResetService.swift; sourceTree = "<group>"; };
		F105A1B2C3D4E5F6A7B8C9D0 /* NotificationService.swift */ = {isa = PBXFileReference; lastKnownFileType = sourcecode.swift; path = NotificationService.swift; sourceTree = "<group>"; };
		089706AF843E44188E597AFE /* StackApp.swift */ = {isa = PBXFileReference; lastKnownFileType = sourcecode.swift; path = StackApp.swift; sourceTree = "<group>"; };
		F101A1B2C3D4E5F6A7B8C9D0 /* EditScheduleSheet.swift */ = {isa = PBXFileReference; lastKnownFileType = sourcecode.swift; path = EditScheduleSheet.swift; sourceTree = "<group>"; };
		1CC0359880924AD7A1D79D60 /* FitnessViewModel.swift */ = {isa = PBXFileReference; lastKnownFileType = sourcecode.swift; path = FitnessViewModel.swift; sourceTree = "<group>"; };
		204A413C58D54B4A89B44FD9 /* ContentView.swift */ = {isa = PBXFileReference; lastKnownFileType = sourcecode.swift; path = ContentView.swift; sourceTree = "<group>"; };
		2EA6AD1284C44AC798E9FC03 /* DashboardViewModel.swift */ = {isa = PBXFileReference; lastKnownFileType = sourcecode.swift; path = DashboardViewModel.swift; sourceTree = "<group>"; };
		321B154A93884DD3A7BFA007 /* Supplement.swift */ = {isa = PBXFileReference; lastKnownFileType = sourcecode.swift; path = Supplement.swift; sourceTree = "<group>"; };
		321CC8218A4E4F9D851CD654 /* Exercise.swift */ = {isa = PBXFileReference; lastKnownFileType = sourcecode.swift; path = Exercise.swift; sourceTree = "<group>"; };
		3C94FBA05379441D8250EA81 /* ProtocolViewModel.swift */ = {isa = PBXFileReference; lastKnownFileType = sourcecode.swift; path = ProtocolViewModel.swift; sourceTree = "<group>"; };
		415C450922F448759D7B5F9B /* Stack.entitlements */ = {isa = PBXFileReference; lastKnownFileType = text.plist.entitlements; path = Stack.entitlements; sourceTree = "<group>"; };
		447A5C41E36A4008BB2F8DE4 /* ExerciseRowView.swift */ = {isa = PBXFileReference; lastKnownFileType = sourcecode.swift; path = ExerciseRowView.swift; sourceTree = "<group>"; };
		45DECB902E8A4D0D93372C10 /* Assets.xcassets */ = {isa = PBXFileReference; lastKnownFileType = folder.assetcatalog; path = Assets.xcassets; sourceTree = "<group>"; };
		488C4FFCA71540A280535365 /* EditWorkoutDaySheet.swift */ = {isa = PBXFileReference; lastKnownFileType = sourcecode.swift; path = EditWorkoutDaySheet.swift; sourceTree = "<group>"; };
		4F1AEE3AB36E4B92ACC800E3 /* TasksViewModel.swift */ = {isa = PBXFileReference; lastKnownFileType = sourcecode.swift; path = TasksViewModel.swift; sourceTree = "<group>"; };
		51DB427B917043DCB5DBE552 /* AdaptiveNavigationView.swift */ = {isa = PBXFileReference; lastKnownFileType = sourcecode.swift; path = AdaptiveNavigationView.swift; sourceTree = "<group>"; };
		543E8D0A500A48EDA6FBF4D5 /* StackIconView.swift */ = {isa = PBXFileReference; lastKnownFileType = sourcecode.swift; path = StackIconView.swift; sourceTree = "<group>"; };
		5FA754FCB60B47A5959F34B9 /* HealthKitService.swift */ = {isa = PBXFileReference; lastKnownFileType = sourcecode.swift; path = HealthKitService.swift; sourceTree = "<group>"; };
		63C7F09649D74F1FA52F86AD /* FitnessView.swift */ = {isa = PBXFileReference; lastKnownFileType = sourcecode.swift; path = FitnessView.swift; sourceTree = "<group>"; };
		640FE62F832346BBB9CD3A9D /* TodayWorkoutView.swift */ = {isa = PBXFileReference; lastKnownFileType = sourcecode.swift; path = TodayWorkoutView.swift; sourceTree = "<group>"; };
		68B2380BFAC64E1780F3E4B8 /* SettingsView.swift */ = {isa = PBXFileReference; lastKnownFileType = sourcecode.swift; path = SettingsView.swift; sourceTree = "<group>"; };
		965189A55CF94515A2200C54 /* TasksView.swift */ = {isa = PBXFileReference; lastKnownFileType = sourcecode.swift; path = TasksView.swift; sourceTree = "<group>"; };
		A0BBC2945E1942ADB7D7593B /* DashboardView.swift */ = {isa = PBXFileReference; lastKnownFileType = sourcecode.swift; path = DashboardView.swift; sourceTree = "<group>"; };
		A45922A26F354A91BDFABC26 /* SupplementRowView.swift */ = {isa = PBXFileReference; lastKnownFileType = sourcecode.swift; path = SupplementRowView.swift; sourceTree = "<group>"; };
		AA1397A51BF944BB9081CEEA /* WorkoutDay.swift */ = {isa = PBXFileReference; lastKnownFileType = sourcecode.swift; path = WorkoutDay.swift; sourceTree = "<group>"; };
		AED81FD3678A4038A8DB7E24 /* OnboardingView.swift */ = {isa = PBXFileReference; lastKnownFileType = sourcecode.swift; path = OnboardingView.swift; sourceTree = "<group>"; };
		B85CB9EDD9824077AAA39249 /* HealthViewModel.swift */ = {isa = PBXFileReference; lastKnownFileType = sourcecode.swift; path = HealthViewModel.swift; sourceTree = "<group>"; };
		BF0E175B0B6F4256A326FE1D /* ProtocolView.swift */ = {isa = PBXFileReference; lastKnownFileType = sourcecode.swift; path = ProtocolView.swift; sourceTree = "<group>"; };
		C0BEC4942EF846CBA58A95AA /* RoutineView.swift */ = {isa = PBXFileReference; lastKnownFileType = sourcecode.swift; path = RoutineView.swift; sourceTree = "<group>"; };
		C1A2B3C4D5E601020304A001 /* WeightEntry.swift */ = {isa = PBXFileReference; lastKnownFileType = sourcecode.swift; path = WeightEntry.swift; sourceTree = "<group>"; };
		C1A2B3C4D5E601020304A002 /* SleepEntry.swift */ = {isa = PBXFileReference; lastKnownFileType = sourcecode.swift; path = SleepEntry.swift; sourceTree = "<group>"; };
		C1A2B3C4D5E601020304A003 /* CardioEntry.swift */ = {isa = PBXFileReference; lastKnownFileType = sourcecode.swift; path = CardioEntry.swift; sourceTree = "<group>"; };
		C1A2B3C4D5E601020304A004 /* BodyView.swift */ = {isa = PBXFileReference; lastKnownFileType = sourcecode.swift; path = BodyView.swift; sourceTree = "<group>"; };
		C1A2B3C4D5E601020304A005 /* SleepView.swift */ = {isa = PBXFileReference; lastKnownFileType = sourcecode.swift; path = SleepView.swift; sourceTree = "<group>"; };
		C1A2B3C4D5E601020304A006 /* CardioView.swift */ = {isa = PBXFileReference; lastKnownFileType = sourcecode.swift; path = CardioView.swift; sourceTree = "<group>"; };
		C1A2B3C4D5E601020304A007 /* LogWeightSheet.swift */ = {isa = PBXFileReference; lastKnownFileType = sourcecode.swift; path = LogWeightSheet.swift; sourceTree = "<group>"; };
		C1A2B3C4D5E601020304A008 /* LogSleepSheet.swift */ = {isa = PBXFileReference; lastKnownFileType = sourcecode.swift; path = LogSleepSheet.swift; sourceTree = "<group>"; };
		C1A2B3C4D5E601020304A009 /* LogCardioSheet.swift */ = {isa = PBXFileReference; lastKnownFileType = sourcecode.swift; path = LogCardioSheet.swift; sourceTree = "<group>"; };
		CEE5EC0927C24A73BAFA802C /* TaskItem.swift */ = {isa = PBXFileReference; lastKnownFileType = sourcecode.swift; path = TaskItem.swift; sourceTree = "<group>"; };
		D200100100100100100100AA /* StackTheme.swift */ = {isa = PBXFileReference; lastKnownFileType = sourcecode.swift; path = StackTheme.swift; sourceTree = "<group>"; };
		D200200200200200200200AA /* AppTab.swift */ = {isa = PBXFileReference; lastKnownFileType = sourcecode.swift; path = AppTab.swift; sourceTree = "<group>"; };
		D200300300300300300300AA /* StackCard.swift */ = {isa = PBXFileReference; lastKnownFileType = sourcecode.swift; path = StackCard.swift; sourceTree = "<group>"; };
		D200400400400400400400AA /* StackStatCard.swift */ = {isa = PBXFileReference; lastKnownFileType = sourcecode.swift; path = StackStatCard.swift; sourceTree = "<group>"; };
		D200500500500500500500AA /* StackProgressBar.swift */ = {isa = PBXFileReference; lastKnownFileType = sourcecode.swift; path = StackProgressBar.swift; sourceTree = "<group>"; };
		D200600600600600600600AA /* StackTabBar.swift */ = {isa = PBXFileReference; lastKnownFileType = sourcecode.swift; path = StackTabBar.swift; sourceTree = "<group>"; };
		D200700700700700700700AA /* StackSectionHeader.swift */ = {isa = PBXFileReference; lastKnownFileType = sourcecode.swift; path = StackSectionHeader.swift; sourceTree = "<group>"; };
		D200800800800800800800AA /* StackBadge.swift */ = {isa = PBXFileReference; lastKnownFileType = sourcecode.swift; path = StackBadge.swift; sourceTree = "<group>"; };
		D5152E0D1FB34EF8B2B574C0 /* Stack.app */ = {isa = PBXFileReference; explicitFileType = wrapper.application; includeInIndex = 0; path = Stack.app; sourceTree = BUILT_PRODUCTS_DIR; };
		E201A1B2C3D4E5F6A7B8C9D0 /* ScheduleSeedService.swift */ = {isa = PBXFileReference; lastKnownFileType = sourcecode.swift; path = ScheduleSeedService.swift; sourceTree = "<group>"; };
		W002A1B2C3D4E5F6A7B8C9D0 /* WorkoutSeedService.swift */ = {isa = PBXFileReference; lastKnownFileType = sourcecode.swift; path = WorkoutSeedService.swift; sourceTree = "<group>"; };
		E401A1B2C3D4E5F6A7B8C9D0 /* ScheduleBlock.swift */ = {isa = PBXFileReference; lastKnownFileType = sourcecode.swift; path = ScheduleBlock.swift; sourceTree = "<group>"; };
		B101A1B2C3D4E5F6A7B8C9D0 /* BlockItem.swift */ = {isa = PBXFileReference; lastKnownFileType = sourcecode.swift; path = BlockItem.swift; sourceTree = "<group>"; };
		E501A1B2C3D4E5F6A7B8C9D0 /* DayRecord.swift */ = {isa = PBXFileReference; lastKnownFileType = sourcecode.swift; path = DayRecord.swift; sourceTree = "<group>"; };
		E503A1B2C3D4E5F6A7B8C9D0 /* DayRecordService.swift */ = {isa = PBXFileReference; lastKnownFileType = sourcecode.swift; path = DayRecordService.swift; sourceTree = "<group>"; };
		E505A1B2C3D4E5F6A7B8C9D0 /* ProgressViewModel.swift */ = {isa = PBXFileReference; lastKnownFileType = sourcecode.swift; path = ProgressViewModel.swift; sourceTree = "<group>"; };
		E507A1B2C3D4E5F6A7B8C9D0 /* ProgressView.swift */ = {isa = PBXFileReference; lastKnownFileType = sourcecode.swift; path = ProgressView.swift; sourceTree = "<group>"; };
		E509A1B2C3D4E5F6A7B8C9D0 /* HeatmapCard.swift */ = {isa = PBXFileReference; lastKnownFileType = sourcecode.swift; path = HeatmapCard.swift; sourceTree = "<group>"; };
		E85B418E43D744AABEA84A1E /* NotesView.swift */ = {isa = PBXFileReference; lastKnownFileType = sourcecode.swift; path = NotesView.swift; sourceTree = "<group>"; };
		FCBDF8FC26A9459BB7F0D30A /* Color+Hex.swift */ = {isa = PBXFileReference; lastKnownFileType = sourcecode.swift; path = "Color+Hex.swift"; sourceTree = "<group>"; };
/* End PBXFileReference section */

/* Begin PBXFrameworksBuildPhase section */
		58CA393B661B49B1AECB19C2 /* Frameworks */ = {
			isa = PBXFrameworksBuildPhase;
			buildActionMask = 2147483647;
			files = (
			);
			runOnlyForDeploymentPostprocessing = 0;
		};
/* End PBXFrameworksBuildPhase section */

/* Begin PBXGroup section */
		0B828D085D86496199B1F59E /* Components */ = {
			isa = PBXGroup;
			children = (
				51DB427B917043DCB5DBE552 /* AdaptiveNavigationView.swift */,
				FCBDF8FC26A9459BB7F0D30A /* Color+Hex.swift */,
				F107A1B2C3D4E5F6A7B8C9D0 /* DateTimeUtils.swift */,
				543E8D0A500A48EDA6FBF4D5 /* StackIconView.swift */,
			);
			path = Components;
			sourceTree = "<group>";
		};
		128B384CFB874FC3A33A9B46 /* Fitness */ = {
			isa = PBXGroup;
			children = (
				63C7F09649D74F1FA52F86AD /* FitnessView.swift */,
				640FE62F832346BBB9CD3A9D /* TodayWorkoutView.swift */,
				C0BEC4942EF846CBA58A95AA /* RoutineView.swift */,
				447A5C41E36A4008BB2F8DE4 /* ExerciseRowView.swift */,
				A45922A26F354A91BDFABC26 /* SupplementRowView.swift */,
				488C4FFCA71540A280535365 /* EditWorkoutDaySheet.swift */,
			);
			path = Fitness;
			sourceTree = "<group>";
		};
		2C836C02687E4500A75AEA7D /* Notes */ = {
			isa = PBXGroup;
			children = (
				E85B418E43D744AABEA84A1E /* NotesView.swift */,
			);
			path = Notes;
			sourceTree = "<group>";
		};
		454CF8C1692B4778B26154FB /* Settings */ = {
			isa = PBXGroup;
			children = (
				68B2380BFAC64E1780F3E4B8 /* SettingsView.swift */,
			);
			path = Settings;
			sourceTree = "<group>";
		};
		4D26F37126F843DA8DE78C39 /* Services */ = {
			isa = PBXGroup;
			children = (
				5FA754FCB60B47A5959F34B9 /* HealthKitService.swift */,
				E201A1B2C3D4E5F6A7B8C9D0 /* ScheduleSeedService.swift */,
				W002A1B2C3D4E5F6A7B8C9D0 /* WorkoutSeedService.swift */,
				E503A1B2C3D4E5F6A7B8C9D0 /* DayRecordService.swift */,
				F105A1B2C3D4E5F6A7B8C9D0 /* NotificationService.swift */,
				F103A1B2C3D4E5F6A7B8C9D0 /* DailyResetService.swift */,
			);
			path = Services;
			sourceTree = "<group>";
		};
		67231838A1F9457189B7BD58 /* Stack */ = {
			isa = PBXGroup;
			children = (
				089706AF843E44188E597AFE /* StackApp.swift */,
				204A413C58D54B4A89B44FD9 /* ContentView.swift */,
				68FD3F71D70046E89C44CF5A /* Models */,
				F9B938481505453C9AE5A547 /* Views */,
				9D914FAD038341629DC119E8 /* ViewModels */,
				4D26F37126F843DA8DE78C39 /* Services */,
				0B828D085D86496199B1F59E /* Components */,
				D200900900900900900900AA /* Design */,
				45DECB902E8A4D0D93372C10 /* Assets.xcassets */,
				415C450922F448759D7B5F9B /* Stack.entitlements */,
			);
			path = Stack;
			sourceTree = "<group>";
		};
		68FD3F71D70046E89C44CF5A /* Models */ = {
			isa = PBXGroup;
			children = (
				CEE5EC0927C24A73BAFA802C /* TaskItem.swift */,
				AA1397A51BF944BB9081CEEA /* WorkoutDay.swift */,
				321CC8218A4E4F9D851CD654 /* Exercise.swift */,
				321B154A93884DD3A7BFA007 /* Supplement.swift */,
				C1A2B3C4D5E601020304A001 /* WeightEntry.swift */,
				C1A2B3C4D5E601020304A002 /* SleepEntry.swift */,
				C1A2B3C4D5E601020304A003 /* CardioEntry.swift */,
				E401A1B2C3D4E5F6A7B8C9D0 /* ScheduleBlock.swift */,
				B101A1B2C3D4E5F6A7B8C9D0 /* BlockItem.swift */,
				E501A1B2C3D4E5F6A7B8C9D0 /* DayRecord.swift */,
			);
			path = Models;
			sourceTree = "<group>";
		};
		7528A5723B8C4250A7D2FAE5 /* Onboarding */ = {
			isa = PBXGroup;
			children = (
				AED81FD3678A4038A8DB7E24 /* OnboardingView.swift */,
			);
			path = Onboarding;
			sourceTree = "<group>";
		};
		7D9186415F3B42C1BB765EAE /* Products */ = {
			isa = PBXGroup;
			children = (
				D5152E0D1FB34EF8B2B574C0 /* Stack.app */,
			);
			name = Products;
			sourceTree = "<group>";
		};
		9D914FAD038341629DC119E8 /* ViewModels */ = {
			isa = PBXGroup;
			children = (
				2EA6AD1284C44AC798E9FC03 /* DashboardViewModel.swift */,
				4F1AEE3AB36E4B92ACC800E3 /* TasksViewModel.swift */,
				B85CB9EDD9824077AAA39249 /* HealthViewModel.swift */,
				1CC0359880924AD7A1D79D60 /* FitnessViewModel.swift */,
				3C94FBA05379441D8250EA81 /* ProtocolViewModel.swift */,
				E505A1B2C3D4E5F6A7B8C9D0 /* ProgressViewModel.swift */,
			);
			path = ViewModels;
			sourceTree = "<group>";
		};
		9F9CAA912611405EBB64A0CC /* Health */ = {
			isa = PBXGroup;
			children = (
				C1A2B3C4D5E601020304A004 /* BodyView.swift */,
				C1A2B3C4D5E601020304A005 /* SleepView.swift */,
				C1A2B3C4D5E601020304A006 /* CardioView.swift */,
				C1A2B3C4D5E601020304A007 /* LogWeightSheet.swift */,
				C1A2B3C4D5E601020304A008 /* LogSleepSheet.swift */,
				C1A2B3C4D5E601020304A009 /* LogCardioSheet.swift */,
			);
			path = Health;
			sourceTree = "<group>";
		};
		A1B2C3D4E5F6A7B8C9D0E1F2 /* Learning */ = {
			isa = PBXGroup;
			children = (
			);
			path = Learning;
			sourceTree = "<group>";
		};
		B452B20611B2456C9D1DEC57 /* Protocol */ = {
			isa = PBXGroup;
			children = (
				BF0E175B0B6F4256A326FE1D /* ProtocolView.swift */,
				F101A1B2C3D4E5F6A7B8C9D0 /* EditScheduleSheet.swift */,
			);
			path = Protocol;
			sourceTree = "<group>";
		};
		B6B7C8D9EAFB222324B6B7C8 /* Vision */ = {
			isa = PBXGroup;
			children = (
			);
			path = Vision;
			sourceTree = "<group>";
		};
		BE87219AA9D644E4BA62BE92 /* Tasks */ = {
			isa = PBXGroup;
			children = (
				965189A55CF94515A2200C54 /* TasksView.swift */,
			);
			path = Tasks;
			sourceTree = "<group>";
		};
		D1B3E2AB2E674B13A98DEB99 /* Journal */ = {
			isa = PBXGroup;
			children = (
			);
			path = Journal;
			sourceTree = "<group>";
		};
		D200900900900900900900AA /* Design */ = {
			isa = PBXGroup;
			children = (
				D200100100100100100100AA /* StackTheme.swift */,
				F109A1B2C3D4E5F6A7B8C9D0 /* StackRing.swift */,
				D200200200200200200200AA /* AppTab.swift */,
				D200300300300300300300AA /* StackCard.swift */,
				D200400400400400400400AA /* StackStatCard.swift */,
				D200500500500500500500AA /* StackProgressBar.swift */,
				D200600600600600600600AA /* StackTabBar.swift */,
				D200700700700700700700AA /* StackSectionHeader.swift */,
				D200800800800800800800AA /* StackBadge.swift */,
			);
			path = Design;
			sourceTree = "<group>";
		};
		D6A65C020DE3425AA5F7D375 /* Stack */ = {
			isa = PBXGroup;
			children = (
				67231838A1F9457189B7BD58 /* Stack */,
				7D9186415F3B42C1BB765EAE /* Products */,
			);
			name = Stack;
			sourceTree = "<group>";
		};
		F4A8DECE768D4FBFAD1BFE8B /* Dashboard */ = {
			isa = PBXGroup;
			children = (
				A0BBC2945E1942ADB7D7593B /* DashboardView.swift */,
			);
			path = Dashboard;
			sourceTree = "<group>";
		};
		F500A1B2C3D4E5F6A7B8C9D0 /* Progress */ = {
			isa = PBXGroup;
			children = (
				E507A1B2C3D4E5F6A7B8C9D0 /* ProgressView.swift */,
				E509A1B2C3D4E5F6A7B8C9D0 /* HeatmapCard.swift */,
			);
			path = Progress;
			sourceTree = "<group>";
		};
		F9B938481505453C9AE5A547 /* Views */ = {
			isa = PBXGroup;
			children = (
				F4A8DECE768D4FBFAD1BFE8B /* Dashboard */,
				BE87219AA9D644E4BA62BE92 /* Tasks */,
				2C836C02687E4500A75AEA7D /* Notes */,
				9F9CAA912611405EBB64A0CC /* Health */,
				128B384CFB874FC3A33A9B46 /* Fitness */,
				B452B20611B2456C9D1DEC57 /* Protocol */,
				7528A5723B8C4250A7D2FAE5 /* Onboarding */,
				454CF8C1692B4778B26154FB /* Settings */,
				F500A1B2C3D4E5F6A7B8C9D0 /* Progress */,
			);
			path = Views;
			sourceTree = "<group>";
		};
/* End PBXGroup section */

/* Begin PBXNativeTarget section */
		4D03984CE3654EA9BD85A642 /* Stack */ = {
			isa = PBXNativeTarget;
			buildConfigurationList = E6B88C069E7D4A2D965E83B2 /* Build configuration list for PBXNativeTarget "Stack" */;
			buildPhases = (
				737CAAC126BB4C089F390777 /* Sources */,
				58CA393B661B49B1AECB19C2 /* Frameworks */,
				B2DC2560B07544F2AEBD5887 /* Resources */,
			);
			buildRules = (
			);
			dependencies = (
			);
			name = Stack;
			productName = Stack;
			productReference = D5152E0D1FB34EF8B2B574C0 /* Stack.app */;
			productType = "com.apple.product-type.application";
		};
/* End PBXNativeTarget section */

/* Begin PBXProject section */
		9AA6B5F287764245A9141B7C /* Project object */ = {
			isa = PBXProject;
			attributes = {
				BuildIndependentTargetsInParallel = 1;
				LastSwiftUpdateCheck = 1620;
				LastUpgradeCheck = 1620;
				TargetAttributes = {
					4D03984CE3654EA9BD85A642 = {
						CreatedOnToolsVersion = 16.2;
					};
				};
			};
			buildConfigurationList = 4C1648CB05514CD7AAE55D53 /* Build configuration list for PBXProject "Stack" */;
			compatibilityVersion = "Xcode 14.0";
			developmentRegion = en;
			hasScannedForEncodings = 0;
			knownRegions = (
				en,
				Base,
			);
			mainGroup = D6A65C020DE3425AA5F7D375 /* Stack */;
			projectDirPath = "";
			projectRoot = "";
			targets = (
				4D03984CE3654EA9BD85A642 /* Stack */,
			);
		};
/* End PBXProject section */

/* Begin PBXResourcesBuildPhase section */
		B2DC2560B07544F2AEBD5887 /* Resources */ = {
			isa = PBXResourcesBuildPhase;
			buildActionMask = 2147483647;
			files = (
				7DDDB8709EB941DC8CA74D16 /* Assets.xcassets in Resources */,
			);
			runOnlyForDeploymentPostprocessing = 0;
		};
/* End PBXResourcesBuildPhase section */

/* Begin PBXSourcesBuildPhase section */
		737CAAC126BB4C089F390777 /* Sources */ = {
			isa = PBXSourcesBuildPhase;
			buildActionMask = 2147483647;
			files = (
				2E63B2C896FC4C3990428C90 /* StackApp.swift in Sources */,
				86E063AF8A8B4949864F269C /* ContentView.swift in Sources */,
				DCC0C1F9557B42B9B579AA42 /* StackIconView.swift in Sources */,
				88DD72D05E014C0193DBA29F /* OnboardingView.swift in Sources */,
				C1E1DAF42B364B0C91A1333C /* SettingsView.swift in Sources */,
				4B6CB20D58374DF39933BECD /* TaskItem.swift in Sources */,
				2511361E72514BCA803AACCE /* DashboardView.swift in Sources */,
				1535904CC52D432584D15FC5 /* TasksView.swift in Sources */,
				646D46D3897F4745AB491088 /* NotesView.swift in Sources */,
				3392455E8A044A6AAF4987E8 /* DashboardViewModel.swift in Sources */,
				64E01EA405ED4435BF3F3C31 /* TasksViewModel.swift in Sources */,
				0D03B0E09F4D487A9BF975F5 /* HealthViewModel.swift in Sources */,
				B08C9A21B0D44B0A933B7377 /* HealthKitService.swift in Sources */,
				5B56129A830443BFB3DAE5D3 /* AdaptiveNavigationView.swift in Sources */,
				DE05173EE956455FB6B2B9D1 /* WorkoutDay.swift in Sources */,
				F04364F75DDC4D67BF477257 /* Exercise.swift in Sources */,
				8DF6185C96B449CABF479E36 /* Supplement.swift in Sources */,
				7380A88ECA3049448375EF17 /* FitnessViewModel.swift in Sources */,
				A0D078C7A1A547469D8CC40E /* FitnessView.swift in Sources */,
				ECA1B1361186458DBA6123C4 /* TodayWorkoutView.swift in Sources */,
				D57249B2F1904CAB94783128 /* RoutineView.swift in Sources */,
				2AB87AF1B67342A6993E31AE /* ExerciseRowView.swift in Sources */,
				044BC98DEE4C4A42A545A9D8 /* SupplementRowView.swift in Sources */,
				55EEA0D1CF9B4ABFB0BFF0EC /* EditWorkoutDaySheet.swift in Sources */,
				ED6093CBF6144E9195163EFE /* Color+Hex.swift in Sources */,
				F106A1B2C3D4E5F6A7B8C9D0 /* DateTimeUtils.swift in Sources */,
				5D63B3A15E6A4D29B777C7A5 /* ProtocolViewModel.swift in Sources */,
				DBFB218691C94255ACCA45A9 /* ProtocolView.swift in Sources */,
				F100A1B2C3D4E5F6A7B8C9D0 /* EditScheduleSheet.swift in Sources */,
				D1A2B3C4D5E601020304B001 /* WeightEntry.swift in Sources */,
				D1A2B3C4D5E601020304B002 /* SleepEntry.swift in Sources */,
				D1A2B3C4D5E601020304B003 /* CardioEntry.swift in Sources */,
				D1A2B3C4D5E601020304B004 /* BodyView.swift in Sources */,
				D1A2B3C4D5E601020304B005 /* SleepView.swift in Sources */,
				D1A2B3C4D5E601020304B006 /* CardioView.swift in Sources */,
				D1A2B3C4D5E601020304B007 /* LogWeightSheet.swift in Sources */,
				D1A2B3C4D5E601020304B008 /* LogSleepSheet.swift in Sources */,
				D1A2B3C4D5E601020304B009 /* LogCardioSheet.swift in Sources */,
				D200100100100100100100AB /* StackTheme.swift in Sources */,
				F108A1B2C3D4E5F6A7B8C9D0 /* StackRing.swift in Sources */,
				D200200200200200200200AB /* AppTab.swift in Sources */,
				D200300300300300300300AB /* StackCard.swift in Sources */,
				D200400400400400400400AB /* StackStatCard.swift in Sources */,
				D200500500500500500500AB /* StackProgressBar.swift in Sources */,
				D200600600600600600600AB /* StackTabBar.swift in Sources */,
				D200700700700700700700AB /* StackSectionHeader.swift in Sources */,
				D200800800800800800800AB /* StackBadge.swift in Sources */,
				E200A1B2C3D4E5F6A7B8C9D0 /* ScheduleSeedService.swift in Sources */,
				W001A1B2C3D4E5F6A7B8C9D0 /* WorkoutSeedService.swift in Sources */,
				E400A1B2C3D4E5F6A7B8C9D0 /* ScheduleBlock.swift in Sources */,
				B100A1B2C3D4E5F6A7B8C9D0 /* BlockItem.swift in Sources */,
				E500A1B2C3D4E5F6A7B8C9D0 /* DayRecord.swift in Sources */,
				E502A1B2C3D4E5F6A7B8C9D0 /* DayRecordService.swift in Sources */,
				F104A1B2C3D4E5F6A7B8C9D0 /* NotificationService.swift in Sources */,
				F102A1B2C3D4E5F6A7B8C9D0 /* DailyResetService.swift in Sources */,
				E504A1B2C3D4E5F6A7B8C9D0 /* ProgressViewModel.swift in Sources */,
				E506A1B2C3D4E5F6A7B8C9D0 /* ProgressView.swift in Sources */,
				E508A1B2C3D4E5F6A7B8C9D0 /* HeatmapCard.swift in Sources */,
			);
			runOnlyForDeploymentPostprocessing = 0;
		};
/* End PBXSourcesBuildPhase section */

/* Begin XCBuildConfiguration section */
		2108794E167E4669BE629FC8 /* Release */ = {
			isa = XCBuildConfiguration;
			buildSettings = {
				ASSETCATALOG_COMPILER_APPICON_NAME = AppIcon;
				ASSETCATALOG_COMPILER_INCLUDE_ALL_APPICON_ASSETS = YES;
				ASSTEAM_CATALOG_COMPILER_OPTIMIZATION = space;
				CODE_SIGN_ENTITLEMENTS = Stack/Stack.entitlements;
				CODE_SIGN_STYLE = Automatic;
				CURRENT_PROJECT_VERSION = 1;
				DEVELOPMENT_ASSET_PATHS = "";
				DEVELOPMENT_TEAM = KY56C5C6GL;
				ENABLE_PREVIEWS = YES;
				GENERATE_INFOPLIST_FILE = YES;
				INFOPLIST_KEY_CFBundleDisplayName = Stack;
				INFOPLIST_KEY_LSApplicationCategoryType = "";
				INFOPLIST_KEY_NSHealthShareUsageDescription = "Stack reads your health data to populate your dashboard.";
				INFOPLIST_KEY_NSHealthUpdateUsageDescription = "Stack reads your health data to populate your dashboard.";
				INFOPLIST_KEY_NSHumanReadableCopyright = "";
				INFOPLIST_KEY_UIApplicationSceneManifest_Generation = YES;
				INFOPLIST_KEY_UIApplicationSupportsIndirectInputEvents = YES;
				INFOPLIST_KEY_UILaunchScreen_Generation = YES;
				INFOPLIST_KEY_UISupportedInterfaceOrientations_iPad = "UIInterfaceOrientationPortrait UIInterfaceOrientationPortraitUpsideDown UIInterfaceOrientationLandscapeLeft UIInterfaceOrientationLandscapeRight";
				INFOPLIST_KEY_UISupportedInterfaceOrientations_iPhone = "UIInterfaceOrientationPortrait UIInterfaceOrientationLandscapeLeft UIInterfaceOrientationLandscapeRight";
				IPHONEOS_DEPLOYMENT_TARGET = 17.0;
				LE_SWIFT_VERSION = 5.0;
				MARKETING_VERSION = 1.0.0;
				PRODUCT_BUNDLE_IDENTIFIER = com.travisw.stack;
				PRODUCT_NAME = "$(TARGET_NAME)";
				SUPPORTED_PLATFORMS = "iphoneos iphonesimulator";
				SUPPORTS_MACCATALYST = NO;
				SUPPORTS_MAC_DESIGNED_FOR_IPHONE_IPAD = NO;
				SWIFT_EMIT_LOC_STRINGS = YES;
				SWIFT_VERSION = 5.0;
				TARGETED_DEVICE_FAMILY = "1,2";
			};
			name = Release;
		};
		A560CF96CD484C448067EE8F /* Release */ = {
			isa = XCBuildConfiguration;
			buildSettings = {
				ALWAYS_SEARCH_USER_PATHS = NO;
				ASSET_CATALOG_COMPILER_OPTIMIZATION = space;
				CLANG_ANALYZER_NONNULL = YES;
				CLANG_ANALYZER_NUMBER_OBJECT_CONVERSION = YES_AGGRESSIVE;
				CLANG_CXX_LANGUAGE_STANDARD = "gnu++20";
				CLANG_ENABLE_MODULES = YES;
				CLANG_ENABLE_OBJC_ARC = YES;
				CLANG_ENABLE_OBJC_WEAK = YES;
				CLANG_WARN_BLOCK_CAPTURE_AUTORELEASING = YES;
				CLANG_WARN_BOOL_CONVERSION = YES;
				CLANG_WARN_COMMA = YES;
				CLANG_WARN_CONSTANT_CONVERSION = YES;
				CLANG_WARN_DEPRECATED_OBJC_IMPLEMENTATIONS = YES;
				CLANG_WARN_DIRECT_OBJC_ISA_USAGE = YES_ERROR;
				CLANG_WARN_DOCUMENTATION_COMMENTS = YES;
				CLANG_WARN_EMPTY_BODY = YES;
				CLANG_WARN_ENUM_CONVERSION = YES;
				CLANG_WARN_INFINITE_RECURSION = YES;
				CLANG_WARN_INT_CONVERSION = YES;
				CLANG_WARN_NON_LITERAL_NULL_CONVERSION = YES;
				CLANG_WARN_OBJC_IMPLICIT_RETAIN_SELF = YES;
				CLANG_WARN_OBJC_LITERAL_CONVERSION = YES;
				CLANG_WARN_OBJC_ROOT_CLASS = YES_ERROR;
				CLANG_WARN_QUOTED_INCLUDE_IN_FRAMEWORK_HEADER = YES;
				CLANG_WARN_RANGE_LOOP_ANALYSIS = YES;
				CLANG_WARN_STRICT_PROTOTYPES = YES;
				CLANG_WARN_SUSPICIOUS_MOVE = YES;
				CLANG_WARN_UNGUARDED_AVAILABILITY = YES_AGGRESSIVE;
				CLANG_WARN_UNREACHABLE_CODE = YES;
				CLANG_WARN__DUPLICATE_METHOD_DECL = YES;
				COPY_PHASE_STRIP = NO;
				DEBUG_INFORMATION_FORMAT = "dwarf-with-dsym";
				ENABLE_NS_ASSERTIONS = NO;
				ENABLE_STRICT_OBJC_MSGSEND = YES;
				ENABLE_USER_SCRIPT_SANDBOXING = YES;
				GCC_C_LANGUAGE_STANDARD = gnu17;
				GCC_NO_COMMON_BLOCKS = YES;
				GCC_WARN_64_TO_32_BIT_CONVERSION = YES;
				GCC_WARN_ABOUT_RETURN_TYPE = YES_ERROR;
				GCC_WARN_UNDECLARED_SELECTOR = YES;
				GCC_WARN_UNINITIALIZED_AUTOS = YES_AGGRESSIVE;
				GCC_WARN_UNUSED_FUNCTION = YES;
				GCC_WARN_UNUSED_VARIABLE = YES;
				IPHONEOS_DEPLOYMENT_TARGET = 17.0;
				LOCALIZATION_PREFERS_STRING_CATALOGS = YES;
				MTL_FAST_MATH = YES;
				SANITIZATION_ADDRESS = NO;
				SDKROOT = auto;
				SUPPORTED_PLATFORMS = "iphoneos iphonesimulator";
				SWIFT_COMPILATION_MODE = wholemodule;
				VALIDATE_PRODUCT = YES;
			};
			name = Release;
		};
		CE349837547F49A6B236A1B9 /* Debug */ = {
			isa = XCBuildConfiguration;
			buildSettings = {
				ASSETCATALOG_COMPILER_APPICON_NAME = AppIcon;
				ASSETCATALOG_COMPILER_INCLUDE_ALL_APPICON_ASSETS = YES;
				ASSTEAM_CATALOG_COMPILER_OPTIMIZATION = space;
				CODE_SIGN_ENTITLEMENTS = Stack/Stack.entitlements;
				CODE_SIGN_STYLE = Automatic;
				CURRENT_PROJECT_VERSION = 1;
				DEVELOPMENT_ASSET_PATHS = "";
				DEVELOPMENT_TEAM = KY56C5C6GL;
				ENABLE_PREVIEWS = YES;
				GENERATE_INFOPLIST_FILE = YES;
				INFOPLIST_KEY_CFBundleDisplayName = Stack;
				INFOPLIST_KEY_LSApplicationCategoryType = "";
				INFOPLIST_KEY_NSHealthShareUsageDescription = "Stack reads your health data to populate your dashboard.";
				INFOPLIST_KEY_NSHealthUpdateUsageDescription = "Stack reads your health data to populate your dashboard.";
				INFOPLIST_KEY_NSHumanReadableCopyright = "";
				INFOPLIST_KEY_UIApplicationSceneManifest_Generation = YES;
				INFOPLIST_KEY_UIApplicationSupportsIndirectInputEvents = YES;
				INFOPLIST_KEY_UILaunchScreen_Generation = YES;
				INFOPLIST_KEY_UISupportedInterfaceOrientations_iPad = "UIInterfaceOrientationPortrait UIInterfaceOrientationPortraitUpsideDown UIInterfaceOrientationLandscapeLeft UIInterfaceOrientationLandscapeRight";
				INFOPLIST_KEY_UISupportedInterfaceOrientations_iPhone = "UIInterfaceOrientationPortrait UIInterfaceOrientationLandscapeLeft UIInterfaceOrientationLandscapeRight";
				IPHONEOS_DEPLOYMENT_TARGET = 17.0;
				LE_SWIFT_VERSION = 5.0;
				MARKETING_VERSION = 1.0.0;
				PRODUCT_BUNDLE_IDENTIFIER = com.travisw.stack;
				PRODUCT_NAME = "$(TARGET_NAME)";
				SUPPORTED_PLATFORMS = "iphoneos iphonesimulator";
				SUPPORTS_MACCATALYST = NO;
				SUPPORTS_MAC_DESIGNED_FOR_IPHONE_IPAD = NO;
				SWIFT_EMIT_LOC_STRINGS = YES;
				SWIFT_VERSION = 5.0;
				TARGETED_DEVICE_FAMILY = "1,2";
			};
			name = Debug;
		};
		D611C3AC35D94736A3A697A9 /* Debug */ = {
			isa = XCBuildConfiguration;
			buildSettings = {
				ALWAYS_SEARCH_USER_PATHS = NO;
				ASSET_CATALOG_COMPILER_OPTIMIZATION = space;
				CLANG_ANALYZER_NONNULL = YES;
				CLANG_ANALYZER_NUMBER_OBJECT_CONVERSION = YES_AGGRESSIVE;
				CLANG_CXX_LANGUAGE_STANDARD = "gnu++20";
				CLANG_ENABLE_MODULES = YES;
				CLANG_ENABLE_OBJC_ARC = YES;
				CLANG_ENABLE_OBJC_WEAK = YES;
				CLANG_WARN_BLOCK_CAPTURE_AUTORELEASING = YES;
				CLANG_WARN_BOOL_CONVERSION = YES;
				CLANG_WARN_COMMA = YES;
				CLANG_WARN_CONSTANT_CONVERSION = YES;
				CLANG_WARN_DEPRECATED_OBJC_IMPLEMENTATIONS = YES;
				CLANG_WARN_DIRECT_OBJC_ISA_USAGE = YES_ERROR;
				CLANG_WARN_DOCUMENTATION_COMMENTS = YES;
				CLANG_WARN_EMPTY_BODY = YES;
				CLANG_WARN_ENUM_CONVERSION = YES;
				CLANG_WARN_INFINITE_RECURSION = YES;
				CLANG_WARN_INT_CONVERSION = YES;
				CLANG_WARN_NON_LITERAL_NULL_CONVERSION = YES;
				CLANG_WARN_OBJC_IMPLICIT_RETAIN_SELF = YES;
				CLANG_WARN_OBJC_LITERAL_CONVERSION = YES;
				CLANG_WARN_OBJC_ROOT_CLASS = YES_ERROR;
				CLANG_WARN_QUOTED_INCLUDE_IN_FRAMEWORK_HEADER = YES;
				CLANG_WARN_RANGE_LOOP_ANALYSIS = YES;
				CLANG_WARN_STRICT_PROTOTYPES = YES;
				CLANG_WARN_SUSPICIOUS_MOVE = YES;
				CLANG_WARN_UNGUARDED_AVAILABILITY = YES_AGGRESSIVE;
				CLANG_WARN_UNREACHABLE_CODE = YES;
				CLANG_WARN__DUPLICATE_METHOD_DECL = YES;
				COPY_PHASE_STRIP = NO;
				DEBUG_INFORMATION_FORMAT = dwarf;
				ENABLE_STRICT_OBJC_MSGSEND = YES;
				ENABLE_TESTABILITY = YES;
				ENABLE_USER_SCRIPT_SANDBOXING = YES;
				GCC_C_LANGUAGE_STANDARD = gnu17;
				GCC_DYNAMIC_NO_PIC = NO;
				GCC_NO_COMMON_BLOCKS = YES;
				GCC_OPTIMIZATION_LEVEL = 0;
				GCC_PREPROCESSOR_DEFINITIONS = (
					"DEBUG=1",
					"$(inherited)",
				);
				GCC_WARN_64_TO_32_BIT_CONVERSION = YES;
				GCC_WARN_ABOUT_RETURN_TYPE = YES_ERROR;
				GCC_WARN_UNDECLARED_SELECTOR = YES;
				GCC_WARN_UNINITIALIZED_AUTOS = YES_AGGRESSIVE;
				GCC_WARN_UNUSED_FUNCTION = YES;
				GCC_WARN_UNUSED_VARIABLE = YES;
				IPHONEOS_DEPLOYMENT_TARGET = 17.0;
				LOCALIZATION_PREFERS_STRING_CATALOGS = YES;
				MTL_ENABLE_DEBUG_INFO = INCLUDE_SOURCE;
				MTL_FAST_MATH = YES;
				ONLY_ACTIVE_ARCH = YES;
				SDKROOT = auto;
				SUPPORTED_PLATFORMS = "iphoneos iphonesimulator";
				SWIFT_ACTIVE_COMPILATION_CONDITIONS = DEBUG;
				SWIFT_OPTIMIZATION_LEVEL = "-Onone";
			};
			name = Debug;
		};
/* End XCBuildConfiguration section */

/* Begin XCConfigurationList section */
		4C1648CB05514CD7AAE55D53 /* Build configuration list for PBXProject "Stack" */ = {
			isa = XCConfigurationList;
			buildConfigurations = (
				D611C3AC35D94736A3A697A9 /* Debug */,
				A560CF96CD484C448067EE8F /* Release */,
			);
			defaultConfigurationIsVisible = 0;
			defaultConfigurationName = Release;
		};
		E6B88C069E7D4A2D965E83B2 /* Build configuration list for PBXNativeTarget "Stack" */ = {
			isa = XCConfigurationList;
			buildConfigurations = (
				CE349837547F49A6B236A1B9 /* Debug */,
				2108794E167E4669BE629FC8 /* Release */,
			);
			defaultConfigurationIsVisible = 0;
			defaultConfigurationName = Release;
		};
/* End XCConfigurationList section */
	};
	rootObject = 9AA6B5F287764245A9141B7C /* Project object */;
}
